<Solution>
  <Folder Name="/bench/">
    <Project Path="bench/Broadside.Benchmarks/Broadside.Benchmarks.csproj" />
  </Folder>
  <Folder Name="/solution-items/">
    <File Path="Directory.Build.props" />
    <File Path="Directory.Packages.props" />
    <File Path="Directory.Solution.props" />
    <File Path="global.json" />
    <File Path="nuget.config" />
    <File Path=".editorconfig" />
    <File Path="CLAUDE.md" />
    <File Path="CONTEXT.md" />
  </Folder>
  <Folder Name="/src/">
    <Project Path="src/Broadside.Fonts.Cmaps/Broadside.Fonts.Cmaps.csproj" />
    <Project Path="src/Broadside.Fonts.Standard14/Broadside.Fonts.Standard14.csproj" />
    <Project Path="src/Broadside.Rendering.Android/Broadside.Rendering.Android.csproj" />
    <Project Path="src/Broadside.Rendering.CoreGraphics/Broadside.Rendering.CoreGraphics.csproj" />
    <Project Path="src/Broadside.Rendering.Direct2D/Broadside.Rendering.Direct2D.csproj" />
    <Project Path="src/Broadside.Rendering.Skia/Broadside.Rendering.Skia.csproj" />
    <Project Path="src/Broadside.Rendering/Broadside.Rendering.csproj" />
    <Project Path="src/Broadside/Broadside.csproj" />
  </Folder>
  <Folder Name="/tests/">
    <Project Path="tests/Broadside.Fonts.Cmaps.Tests/Broadside.Fonts.Cmaps.Tests.csproj" />
    <Project Path="tests/Broadside.Fonts.Standard14.Tests/Broadside.Fonts.Standard14.Tests.csproj" />
    <Project Path="tests/Broadside.Fuzz/Broadside.Fuzz.csproj" />
    <Project Path="tests/Broadside.Globalization.Tests/Broadside.Globalization.Tests.csproj" />
    <Project Path="tests/Broadside.Rendering.Skia.Tests/Broadside.Rendering.Skia.Tests.csproj" />
    <Project Path="tests/Broadside.Rendering.Tests/Broadside.Rendering.Tests.csproj" />
    <Project Path="tests/Broadside.Tests/Broadside.Tests.csproj" />
    <Project Path="tests/Broadside.TestSupport/Broadside.TestSupport.csproj" />
    <Project Path="tests/ConformanceCheck.Tests/ConformanceCheck.Tests.csproj" />
  </Folder>
  <Folder Name="/tools/">
    <Project Path="tools/ConformanceCheck/ConformanceCheck.csproj" />
    <Project Path="tools/CorpusFetcher/CorpusFetcher.csproj" />
  </Folder>
</Solution>
